// !$*UTF8*$!
{
	archiveVersion = 1;
	classes = {
	};
	objectVersion = 56;
	objects = {

/* Begin PBXBuildFile section */
		2507F5F82B36487600B028B5 /* FeedItem.swift in Sources */ = {isa = PBXBuildFile; fileRef = 2507F5F72B36487600B028B5 /* FeedItem.swift */; };
		2507F5FA2B37035100B028B5 /* FeedLoader.swift in Sources */ = {isa = PBXBuildFile; fileRef = 2507F5F92B37035100B028B5 /* FeedLoader.swift */; };
		2507F5FC2B370B6100B028B5 /* RemoteFeedLoaderTests.swift in Sources */ = {isa = PBXBuildFile; fileRef = 2507F5FB2B370B6100B028B5 /* RemoteFeedLoaderTests.swift */; };
		2530CB702B38AB7A00FC1767 /* RemoteFeedLoader.swift in Sources */ = {isa = PBXBuildFile; fileRef = 2530CB6F2B38AB7A00FC1767 /* RemoteFeedLoader.swift */; };
		25C2E51D2B30B27600E3D176 /* AppDelegate.swift in Sources */ = {isa = PBXBuildFile; fileRef = 25C2E51C2B30B27600E3D176 /* AppDelegate.swift */; };
		25C2E51F2B30B27600E3D176 /* SceneDelegate.swift in Sources */ = {isa = PBXBuildFile; fileRef = 25C2E51E2B30B27600E3D176 /* SceneDelegate.swift */; };
		25C2E5212B30B27600E3D176 /* ViewController.swift in Sources */ = {isa = PBXBuildFile; fileRef = 25C2E5202B30B27600E3D176 /* ViewController.swift */; };
		25C2E5242B30B27600E3D176 /* Main.storyboard in Resources */ = {isa = PBXBuildFile; fileRef = 25C2E5222B30B27600E3D176 /* Main.storyboard */; };
		25C2E5262B30B27700E3D176 /* Assets.xcassets in Resources */ = {isa = PBXBuildFile; fileRef = 25C2E5252B30B27700E3D176 /* Assets.xcassets */; };
		25C2E5292B30B27700E3D176 /* LaunchScreen.storyboard in Resources */ = {isa = PBXBuildFile; fileRef = 25C2E5272B30B27700E3D176 /* LaunchScreen.storyboard */; };
		25E389F42B49815E00E0A589 /* HTTPClient.swift in Sources */ = {isa = PBXBuildFile; fileRef = 25E389F32B49815E00E0A589 /* HTTPClient.swift */; };
		25E389F62B4981C500E0A589 /* FeedItemsMapper.swift in Sources */ = {isa = PBXBuildFile; fileRef = 25E389F52B4981C500E0A589 /* FeedItemsMapper.swift */; };
/* End PBXBuildFile section */

/* Begin PBXContainerItemProxy section */
		25C2E5302B30B27800E3D176 /* PBXContainerItemProxy */ = {
			isa = PBXContainerItemProxy;
			containerPortal = 25C2E5112B30B27600E3D176 /* Project object */;
			proxyType = 1;
			remoteGlobalIDString = 25C2E5182B30B27600E3D176;
			remoteInfo = EssentialFeed;
		};
/* End PBXContainerItemProxy section */

/* Begin PBXFileReference section */
		2507F5F72B36487600B028B5 /* FeedItem.swift */ = {isa = PBXFileReference; lastKnownFileType = sourcecode.swift; path = FeedItem.swift; sourceTree = "<group>"; };
		2507F5F92B37035100B028B5 /* FeedLoader.swift */ = {isa = PBXFileReference; lastKnownFileType = sourcecode.swift; path = FeedLoader.swift; sourceTree = "<group>"; };
		2507F5FB2B370B6100B028B5 /* RemoteFeedLoaderTests.swift */ = {isa = PBXFileReference; lastKnownFileType = sourcecode.swift; path = RemoteFeedLoaderTests.swift; sourceTree = "<group>"; usesTabs = 0; };
		2530CB6F2B38AB7A00FC1767 /* RemoteFeedLoader.swift */ = {isa = PBXFileReference; lastKnownFileType = sourcecode.swift; path = RemoteFeedLoader.swift; sourceTree = "<group>"; };
		2530FF8C2B3712F300E687DD /* EssentialFeed.xctestplan */ = {isa = PBXFileReference; lastKnownFileType = text; path = EssentialFeed.xctestplan; sourceTree = "<group>"; };
		25C2E5192B30B27600E3D176 /* EssentialFeed.app */ = {isa = PBXFileReference; explicitFileType = wrapper.application; includeInIndex = 0; path = EssentialFeed.app; sourceTree = BUILT_PRODUCTS_DIR; };
		25C2E51C2B30B27600E3D176 /* AppDelegate.swift */ = {isa = PBXFileReference; lastKnownFileType = sourcecode.swift; path = AppDelegate.swift; sourceTree = "<group>"; };
		25C2E51E2B30B27600E3D176 /* SceneDelegate.swift */ = {isa = PBXFileReference; lastKnownFileType = sourcecode.swift; path = SceneDelegate.swift; sourceTree = "<group>"; };
		25C2E5202B30B27600E3D176 /* ViewController.swift */ = {isa = PBXFileReference; lastKnownFileType = sourcecode.swift; path = ViewController.swift; sourceTree = "<group>"; };
		25C2E5232B30B27600E3D176 /* Base */ = {isa = PBXFileReference; lastKnownFileType = file.storyboard; name = Base; path = Base.lproj/Main.storyboard; sourceTree = "<group>"; };
		25C2E5252B30B27700E3D176 /* Assets.xcassets */ = {isa = PBXFileReference; lastKnownFileType = folder.assetcatalog; path = Assets.xcassets; sourceTree = "<group>"; };
		25C2E5282B30B27700E3D176 /* Base */ = {isa = PBXFileReference; lastKnownFileType = file.storyboard; name = Base; path = Base.lproj/LaunchScreen.storyboard; sourceTree = "<group>"; };
		25C2E52A2B30B27700E3D176 /* Info.plist */ = {isa = PBXFileReference; lastKnownFileType = text.plist.xml; path = Info.plist; sourceTree = "<group>"; };
		25C2E52F2B30B27800E3D176 /* EssentialFeedTests.xctest */ = {isa = PBXFileReference; explicitFileType = wrapper.cfbundle; includeInIndex = 0; path = EssentialFeedTests.xctest; sourceTree = BUILT_PRODUCTS_DIR; };
		25E389F32B49815E00E0A589 /* HTTPClient.swift */ = {isa = PBXFileReference; lastKnownFileType = sourcecode.swift; path = HTTPClient.swift; sourceTree = "<group>"; };
		25E389F52B4981C500E0A589 /* FeedItemsMapper.swift */ = {isa = PBXFileReference; lastKnownFileType = sourcecode.swift; path = FeedItemsMapper.swift; sourceTree = "<group>"; };
/* End PBXFileReference section */

/* Begin PBXFrameworksBuildPhase section */
		25C2E5162B30B27600E3D176 /* Frameworks */ = {
			isa = PBXFrameworksBuildPhase;
			buildActionMask = 2147483647;
			files = (
			);
			runOnlyForDeploymentPostprocessing = 0;
		};
		25C2E52C2B30B27800E3D176 /* Frameworks */ = {
			isa = PBXFrameworksBuildPhase;
			buildActionMask = 2147483647;
			files = (
			);
			runOnlyForDeploymentPostprocessing = 0;
		};
/* End PBXFrameworksBuildPhase section */

/* Begin PBXGroup section */
		2507F5F62B36483B00B028B5 /* Feed Feature */ = {
			isa = PBXGroup;
			children = (
				2507F5F72B36487600B028B5 /* FeedItem.swift */,
				2507F5F92B37035100B028B5 /* FeedLoader.swift */,
			);
			path = "Feed Feature";
			sourceTree = "<group>";
		};
		25C2E5102B30B27600E3D176 = {
			isa = PBXGroup;
			children = (
				2530FF8C2B3712F300E687DD /* EssentialFeed.xctestplan */,
				25C2E51B2B30B27600E3D176 /* EssentialFeed */,
				25C2E5322B30B27800E3D176 /* EssentialFeedTests */,
				25C2E51A2B30B27600E3D176 /* Products */,
			);
			sourceTree = "<group>";
		};
		25C2E51A2B30B27600E3D176 /* Products */ = {
			isa = PBXGroup;
			children = (
				25C2E5192B30B27600E3D176 /* EssentialFeed.app */,
				25C2E52F2B30B27800E3D176 /* EssentialFeedTests.xctest */,
			);
			name = Products;
			sourceTree = "<group>";
		};
		25C2E51B2B30B27600E3D176 /* EssentialFeed */ = {
			isa = PBXGroup;
			children = (
				25E180B42B38AA1E00F55143 /* FeedAPI */,
				2507F5F62B36483B00B028B5 /* Feed Feature */,
				25C2E51C2B30B27600E3D176 /* AppDelegate.swift */,
				25C2E51E2B30B27600E3D176 /* SceneDelegate.swift */,
				25C2E5202B30B27600E3D176 /* ViewController.swift */,
				25C2E5222B30B27600E3D176 /* Main.storyboard */,
				25C2E5252B30B27700E3D176 /* Assets.xcassets */,
				25C2E5272B30B27700E3D176 /* LaunchScreen.storyboard */,
				25C2E52A2B30B27700E3D176 /* Info.plist */,
			);
			path = EssentialFeed;
			sourceTree = "<group>";
		};
		25C2E5322B30B27800E3D176 /* EssentialFeedTests */ = {
			isa = PBXGroup;
			children = (
				2507F5FB2B370B6100B028B5 /* RemoteFeedLoaderTests.swift */,
			);
			path = EssentialFeedTests;
			sourceTree = "<group>";
		};
		25E180B42B38AA1E00F55143 /* FeedAPI */ = {
			isa = PBXGroup;
			children = (
				2530CB6F2B38AB7A00FC1767 /* RemoteFeedLoader.swift */,
				25E389F32B49815E00E0A589 /* HTTPClient.swift */,
				25E389F52B4981C500E0A589 /* FeedItemsMapper.swift */,
			);
			path = FeedAPI;
			sourceTree = "<group>";
		};
/* End PBXGroup section */

/* Begin PBXNativeTarget section */
		25C2E5182B30B27600E3D176 /* EssentialFeed */ = {
			isa = PBXNativeTarget;
			buildConfigurationList = 25C2E5432B30B27800E3D176 /* Build configuration list for PBXNativeTarget "EssentialFeed" */;
			buildPhases = (
				25C2E5152B30B27600E3D176 /* Sources */,
				25C2E5162B30B27600E3D176 /* Frameworks */,
				25C2E5172B30B27600E3D176 /* Resources */,
			);
			buildRules = (
			);
			dependencies = (
			);
			name = EssentialFeed;
			productName = EssentialFeed;
			productReference = 25C2E5192B30B27600E3D176 /* EssentialFeed.app */;
			productType = "com.apple.product-type.application";
		};
		25C2E52E2B30B27800E3D176 /* EssentialFeedTests */ = {
			isa = PBXNativeTarget;
			buildConfigurationList = 25C2E5462B30B27800E3D176 /* Build configuration list for PBXNativeTarget "EssentialFeedTests" */;
			buildPhases = (
				25C2E52B2B30B27800E3D176 /* Sources */,
				25C2E52C2B30B27800E3D176 /* Frameworks */,
				25C2E52D2B30B27800E3D176 /* Resources */,
			);
			buildRules = (
			);
			dependencies = (
				25C2E5312B30B27800E3D176 /* PBXTargetDependency */,
			);
			name = EssentialFeedTests;
			productName = EssentialFeedTests;
			productReference = 25C2E52F2B30B27800E3D176 /* EssentialFeedTests.xctest */;
			productType = "com.apple.product-type.bundle.unit-test";
		};
/* End PBXNativeTarget section */

/* Begin PBXProject section */
		25C2E5112B30B27600E3D176 /* Project object */ = {
			isa = PBXProject;
			attributes = {
				BuildIndependentTargetsInParallel = 1;
				LastSwiftUpdateCheck = 1500;
				LastUpgradeCheck = 1500;
				TargetAttributes = {
					25C2E5182B30B27600E3D176 = {
						CreatedOnToolsVersion = 15.0;
					};
					25C2E52E2B30B27800E3D176 = {
						CreatedOnToolsVersion = 15.0;
						TestTargetID = 25C2E5182B30B27600E3D176;
					};
				};
			};
			buildConfigurationList = 25C2E5142B30B27600E3D176 /* Build configuration list for PBXProject "EssentialFeed" */;
			compatibilityVersion = "Xcode 14.0";
			developmentRegion = en;
			hasScannedForEncodings = 0;
			knownRegions = (
				en,
				Base,
			);
			mainGroup = 25C2E5102B30B27600E3D176;
			productRefGroup = 25C2E51A2B30B27600E3D176 /* Products */;
			projectDirPath = "";
			projectRoot = "";
			targets = (
				25C2E5182B30B27600E3D176 /* EssentialFeed */,
				25C2E52E2B30B27800E3D176 /* EssentialFeedTests */,
			);
		};
/* End PBXProject section */

/* Begin PBXResourcesBuildPhase section */
		25C2E5172B30B27600E3D176 /* Resources */ = {
			isa = PBXResourcesBuildPhase;
			buildActionMask = 2147483647;
			files = (
				25C2E5292B30B27700E3D176 /* LaunchScreen.storyboard in Resources */,
				25C2E5262B30B27700E3D176 /* Assets.xcassets in Resources */,
				25C2E5242B30B27600E3D176 /* Main.storyboard in Resources */,
			);
			runOnlyForDeploymentPostprocessing = 0;
		};
		25C2E52D2B30B27800E3D176 /* Resources */ = {
			isa = PBXResourcesBuildPhase;
			buildActionMask = 2147483647;
			files = (
			);
			runOnlyForDeploymentPostprocessing = 0;
		};
/* End PBXResourcesBuildPhase section */

/* Begin PBXSourcesBuildPhase section */
		25C2E5152B30B27600E3D176 /* Sources */ = {
			isa = PBXSourcesBuildPhase;
			buildActionMask = 2147483647;
			files = (
				2507F5F82B36487600B028B5 /* FeedItem.swift in Sources */,
				25C2E5212B30B27600E3D176 /* ViewController.swift in Sources */,
				25C2E51D2B30B27600E3D176 /* AppDelegate.swift in Sources */,
				25E389F62B4981C500E0A589 /* FeedItemsMapper.swift in Sources */,
				25E389F42B49815E00E0A589 /* HTTPClient.swift in Sources */,
				2507F5FA2B37035100B028B5 /* FeedLoader.swift in Sources */,
				2530CB702B38AB7A00FC1767 /* RemoteFeedLoader.swift in Sources */,
				25C2E51F2B30B27600E3D176 /* SceneDelegate.swift in Sources */,
			);
			runOnlyForDeploymentPostprocessing = 0;
		};
		25C2E52B2B30B27800E3D176 /* Sources */ = {
			isa = PBXSourcesBuildPhase;
			buildActionMask = 2147483647;
			files = (
				2507F5FC2B370B6100B028B5 /* RemoteFeedLoaderTests.swift in Sources */,
			);
			runOnlyForDeploymentPostprocessing = 0;
		};
/* End PBXSourcesBuildPhase section */

/* Begin PBXTargetDependency section */
		25C2E5312B30B27800E3D176 /* PBXTargetDependency */ = {
			isa = PBXTargetDependency;
			target = 25C2E5182B30B27600E3D176 /* EssentialFeed */;
			targetProxy = 25C2E5302B30B27800E3D176 /* PBXContainerItemProxy */;
		};
/* End PBXTargetDependency section */

/* Begin PBXVariantGroup section */
		25C2E5222B30B27600E3D176 /* Main.storyboard */ = {
			isa = PBXVariantGroup;
			children = (
				25C2E5232B30B27600E3D176 /* Base */,
			);
			name = Main.storyboard;
			sourceTree = "<group>";
		};
		25C2E5272B30B27700E3D176 /* LaunchScreen.storyboard */ = {
			isa = PBXVariantGroup;
			children = (
				25C2E5282B30B27700E3D176 /* Base */,
			);
			name = LaunchScreen.storyboard;
			sourceTree = "<group>";
		};
/* End PBXVariantGroup section */

/* Begin XCBuildConfiguration section */
		25C2E5412B30B27800E3D176 /* Debug */ = {
			isa = XCBuildConfiguration;
			buildSettings = {
				ALWAYS_SEARCH_USER_PATHS = NO;
				ASSETCATALOG_COMPILER_GENERATE_SWIFT_ASSET_SYMBOL_EXTENSIONS = YES;
				CLANG_ANALYZER_NONNULL = YES;
				CLANG_ANALYZER_NUMBER_OBJECT_CONVERSION = YES_AGGRESSIVE;
				CLANG_CXX_LANGUAGE_STANDARD = "gnu++20";
				CLANG_ENABLE_MODULES = YES;
				CLANG_ENABLE_OBJC_ARC = YES;
				CLANG_ENABLE_OBJC_WEAK = YES;
				CLANG_WARN_BLOCK_CAPTURE_AUTORELEASING = YES;
				CLANG_WARN_BOOL_CONVERSION = YES;
				CLANG_WARN_COMMA = YES;
				CLANG_WARN_CONSTANT_CONVERSION = YES;
				CLANG_WARN_DEPRECATED_OBJC_IMPLEMENTATIONS = YES;
				CLANG_WARN_DIRECT_OBJC_ISA_USAGE = YES_ERROR;
				CLANG_WARN_DOCUMENTATION_COMMENTS = YES;
				CLANG_WARN_EMPTY_BODY = YES;
				CLANG_WARN_ENUM_CONVERSION = YES;
				CLANG_WARN_INFINITE_RECURSION = YES;
				CLANG_WARN_INT_CONVERSION = YES;
				CLANG_WARN_NON_LITERAL_NULL_CONVERSION = YES;
				CLANG_WARN_OBJC_IMPLICIT_RETAIN_SELF = YES;
				CLANG_WARN_OBJC_LITERAL_CONVERSION = YES;
				CLANG_WARN_OBJC_ROOT_CLASS = YES_ERROR;
				CLANG_WARN_QUOTED_INCLUDE_IN_FRAMEWORK_HEADER = YES;
				CLANG_WARN_RANGE_LOOP_ANALYSIS = YES;
				CLANG_WARN_STRICT_PROTOTYPES = YES;
				CLANG_WARN_SUSPICIOUS_MOVE = YES;
				CLANG_WARN_UNGUARDED_AVAILABILITY = YES_AGGRESSIVE;
				CLANG_WARN_UNREACHABLE_CODE = YES;
				CLANG_WARN__DUPLICATE_METHOD_MATCH = YES;
				COPY_PHASE_STRIP = NO;
				DEBUG_INFORMATION_FORMAT = dwarf;
				ENABLE_STRICT_OBJC_MSGSEND = YES;
				ENABLE_TESTABILITY = YES;
				ENABLE_USER_SCRIPT_SANDBOXING = YES;
				GCC_C_LANGUAGE_STANDARD = gnu17;
				GCC_DYNAMIC_NO_PIC = NO;
				GCC_NO_COMMON_BLOCKS = YES;
				GCC_OPTIMIZATION_LEVEL = 0;
				GCC_PREPROCESSOR_DEFINITIONS = (
					"DEBUG=1",
					"$(inherited)",
				);
				GCC_WARN_64_TO_32_BIT_CONVERSION = YES;
				GCC_WARN_ABOUT_RETURN_TYPE = YES_ERROR;
				GCC_WARN_UNDECLARED_SELECTOR = YES;
				GCC_WARN_UNINITIALIZED_AUTOS = YES_AGGRESSIVE;
				GCC_WARN_UNUSED_FUNCTION = YES;
				GCC_WARN_UNUSED_VARIABLE = YES;
				IPHONEOS_DEPLOYMENT_TARGET = 17.0;
				LOCALIZATION_PREFERS_STRING_CATALOGS = YES;
				MTL_ENABLE_DEBUG_INFO = INCLUDE_SOURCE;
				MTL_FAST_MATH = YES;
				ONLY_ACTIVE_ARCH = YES;
				PRODUCT_MODULE_NAME = "$(PRODUCT_NAME:c99extidentifier)";
				SDKROOT = iphoneos;
				SWIFT_ACTIVE_COMPILATION_CONDITIONS = "DEBUG $(inherited)";
				SWIFT_OPTIMIZATION_LEVEL = "-Onone";
			};
			name = Debug;
		};
		25C2E5422B30B27800E3D176 /* Release */ = {
			isa = XCBuildConfiguration;
			buildSettings = {
				ALWAYS_SEARCH_USER_PATHS = NO;
				ASSETCATALOG_COMPILER_GENERATE_SWIFT_ASSET_SYMBOL_EXTENSIONS = YES;
				CLANG_ANALYZER_NONNULL = YES;
				CLANG_ANALYZER_NUMBER_OBJECT_CONVERSION = YES_AGGRESSIVE;
				CLANG_CXX_LANGUAGE_STANDARD = "gnu++20";
				CLANG_ENABLE_MODULES = YES;
				CLANG_ENABLE_OBJC_ARC = YES;
				CLANG_ENABLE_OBJC_WEAK = YES;
				CLANG_WARN_BLOCK_CAPTURE_AUTORELEASING = YES;
				CLANG_WARN_BOOL_CONVERSION = YES;
				CLANG_WARN_COMMA = YES;
				CLANG_WARN_CONSTANT_CONVERSION = YES;
				CLANG_WARN_DEPRECATED_OBJC_IMPLEMENTATIONS = YES;
				CLANG_WARN_DIRECT_OBJC_ISA_USAGE = YES_ERROR;
				CLANG_WARN_DOCUMENTATION_COMMENTS = YES;
				CLANG_WARN_EMPTY_BODY = YES;
				CLANG_WARN_ENUM_CONVERSION = YES;
				CLANG_WARN_INFINITE_RECURSION = YES;
				CLANG_WARN_INT_CONVERSION = YES;
				CLANG_WARN_NON_LITERAL_NULL_CONVERSION = YES;
				CLANG_WARN_OBJC_IMPLICIT_RETAIN_SELF = YES;
				CLANG_WARN_OBJC_LITERAL_CONVERSION = YES;
				CLANG_WARN_OBJC_ROOT_CLASS = YES_ERROR;
				CLANG_WARN_QUOTED_INCLUDE_IN_FRAMEWORK_HEADER = YES;
				CLANG_WARN_RANGE_LOOP_ANALYSIS = YES;
				CLANG_WARN_STRICT_PROTOTYPES = YES;
				CLANG_WARN_SUSPICIOUS_MOVE = YES;
				CLANG_WARN_UNGUARDED_AVAILABILITY = YES_AGGRESSIVE;
				CLANG_WARN_UNREACHABLE_CODE = YES;
				CLANG_WARN__DUPLICATE_METHOD_MATCH = YES;
				COPY_PHASE_STRIP = NO;
				DEBUG_INFORMATION_FORMAT = "dwarf-with-dsym";
				ENABLE_NS_ASSERTIONS = NO;
				ENABLE_STRICT_OBJC_MSGSEND = YES;
				ENABLE_USER_SCRIPT_SANDBOXING = YES;
				GCC_C_LANGUAGE_STANDARD = gnu17;
				GCC_NO_COMMON_BLOCKS = YES;
				GCC_WARN_64_TO_32_BIT_CONVERSION = YES;
				GCC_WARN_ABOUT_RETURN_TYPE = YES_ERROR;
				GCC_WARN_UNDECLARED_SELECTOR = YES;
				GCC_WARN_UNINITIALIZED_AUTOS = YES_AGGRESSIVE;
				GCC_WARN_UNUSED_FUNCTION = YES;
				GCC_WARN_UNUSED_VARIABLE = YES;
				IPHONEOS_DEPLOYMENT_TARGET = 17.0;
				LOCALIZATION_PREFERS_STRING_CATALOGS = YES;
				MTL_ENABLE_DEBUG_INFO = NO;
				MTL_FAST_MATH = YES;
				ONLY_ACTIVE_ARCH = NO;
				SDKROOT = iphoneos;
				SWIFT_COMPILATION_MODE = wholemodule;
				VALIDATE_PRODUCT = YES;
			};
			name = Release;
		};
		25C2E5442B30B27800E3D176 /* Debug */ = {
			isa = XCBuildConfiguration;
			buildSettings = {
				ASSETCATALOG_COMPILER_APPICON_NAME = AppIcon;
				ASSETCATALOG_COMPILER_GLOBAL_ACCENT_COLOR_NAME = AccentColor;
				CODE_SIGN_STYLE = Automatic;
				CURRENT_PROJECT_VERSION = 1;
				DEVELOPMENT_TEAM = XCLMBC27FD;
				GENERATE_INFOPLIST_FILE = YES;
				INFOPLIST_FILE = EssentialFeed/Info.plist;
				INFOPLIST_KEY_UIApplicationSupportsIndirectInputEvents = YES;
				INFOPLIST_KEY_UILaunchStoryboardName = LaunchScreen;
				INFOPLIST_KEY_UIMainStoryboardFile = Main;
				INFOPLIST_KEY_UISupportedInterfaceOrientations_iPad = "UIInterfaceOrientationPortrait UIInterfaceOrientationPortraitUpsideDown UIInterfaceOrientationLandscapeLeft UIInterfaceOrientationLandscapeRight";
				INFOPLIST_KEY_UISupportedInterfaceOrientations_iPhone = "UIInterfaceOrientationPortrait UIInterfaceOrientationLandscapeLeft UIInterfaceOrientationLandscapeRight";
				LD_RUNPATH_SEARCH_PATHS = (
					"$(inherited)",
					"@executable_path/Frameworks",
				);
				MARKETING_VERSION = 1.0;
				PRODUCT_BUNDLE_IDENTIFIER = me.mitrovic.milos.EssentialFeed;
				PRODUCT_NAME = "$(TARGET_NAME)";
				SWIFT_EMIT_LOC_STRINGS = YES;
				SWIFT_VERSION = 5.0;
				TARGETED_DEVICE_FAMILY = "1,2";
			};
			name = Debug;
		};
		25C2E5452B30B27800E3D176 /* Release */ = {
			isa = XCBuildConfiguration;
			buildSettings = {
				ASSETCATALOG_COMPILER_APPICON_NAME = AppIcon;
				ASSETCATALOG_COMPILER_GLOBAL_ACCENT_COLOR_NAME = AccentColor;
				CODE_SIGN_STYLE = Automatic;
				CURRENT_PROJECT_VERSION = 1;
				DEVELOPMENT_TEAM = XCLMBC27FD;
				GENERATE_INFOPLIST_FILE = YES;
				INFOPLIST_FILE = EssentialFeed/Info.plist;
				INFOPLIST_KEY_UIApplicationSupportsIndirectInputEvents = YES;
				INFOPLIST_KEY_UILaunchStoryboardName = LaunchScreen;
				INFOPLIST_KEY_UIMainStoryboardFile = Main;
				INFOPLIST_KEY_UISupportedInterfaceOrientations_iPad = "UIInterfaceOrientationPortrait UIInterfaceOrientationPortraitUpsideDown UIInterfaceOrientationLandscapeLeft UIInterfaceOrientationLandscapeRight";
				INFOPLIST_KEY_UISupportedInterfaceOrientations_iPhone = "UIInterfaceOrientationPortrait UIInterfaceOrientationLandscapeLeft UIInterfaceOrientationLandscapeRight";
				LD_RUNPATH_SEARCH_PATHS = (
					"$(inherited)",
					"@executable_path/Frameworks",
				);
				MARKETING_VERSION = 1.0;
				PRODUCT_BUNDLE_IDENTIFIER = me.mitrovic.milos.EssentialFeed;
				PRODUCT_NAME = "$(TARGET_NAME)";
				SWIFT_EMIT_LOC_STRINGS = YES;
				SWIFT_VERSION = 5.0;
				TARGETED_DEVICE_FAMILY = "1,2";
			};
			name = Release;
		};
		25C2E5472B30B27800E3D176 /* Debug */ = {
			isa = XCBuildConfiguration;
			buildSettings = {
				ALWAYS_EMBED_SWIFT_STANDARD_LIBRARIES = YES;
				BUNDLE_LOADER = "$(TEST_HOST)";
				CODE_SIGN_STYLE = Automatic;
				CURRENT_PROJECT_VERSION = 1;
				DEVELOPMENT_TEAM = XCLMBC27FD;
				EXCLUDED_ARCHS = "";
				GENERATE_INFOPLIST_FILE = YES;
				IPHONEOS_DEPLOYMENT_TARGET = 17.0;
				MARKETING_VERSION = 1.0;
				PRODUCT_BUNDLE_IDENTIFIER = me.mitrovic.milos.EssentialFeedTests;
				PRODUCT_NAME = "$(TARGET_NAME)";
				SWIFT_EMIT_LOC_STRINGS = NO;
				SWIFT_VERSION = 5.0;
				TARGETED_DEVICE_FAMILY = "1,2";
				TEST_HOST = "$(BUILT_PRODUCTS_DIR)/EssentialFeed.app/$(BUNDLE_EXECUTABLE_FOLDER_PATH)/EssentialFeed";
			};
			name = Debug;
		};
		25C2E5482B30B27800E3D176 /* Release */ = {
			isa = XCBuildConfiguration;
			buildSettings = {
				ALWAYS_EMBED_SWIFT_STANDARD_LIBRARIES = YES;
				BUNDLE_LOADER = "$(TEST_HOST)";
				CODE_SIGN_STYLE = Automatic;
				CURRENT_PROJECT_VERSION = 1;
				DEVELOPMENT_TEAM = XCLMBC27FD;
				GENERATE_INFOPLIST_FILE = YES;
				IPHONEOS_DEPLOYMENT_TARGET = 17.0;
				MARKETING_VERSION = 1.0;
				PRODUCT_BUNDLE_IDENTIFIER = me.mitrovic.milos.EssentialFeedTests;
				PRODUCT_NAME = "$(TARGET_NAME)";
				SWIFT_EMIT_LOC_STRINGS = NO;
				SWIFT_VERSION = 5.0;
				TARGETED_DEVICE_FAMILY = "1,2";
				TEST_HOST = "$(BUILT_PRODUCTS_DIR)/EssentialFeed.app/$(BUNDLE_EXECUTABLE_FOLDER_PATH)/EssentialFeed";
			};
			name = Release;
		};
/* End XCBuildConfiguration section */

/* Begin XCConfigurationList section */
		25C2E5142B30B27600E3D176 /* Build configuration list for PBXProject "EssentialFeed" */ = {
			isa = XCConfigurationList;
			buildConfigurations = (
				25C2E5412B30B27800E3D176 /* Debug */,
				25C2E5422B30B27800E3D176 /* Release */,
			);
			defaultConfigurationIsVisible = 0;
			defaultConfigurationName = Release;
		};
		25C2E5432B30B27800E3D176 /* Build configuration list for PBXNativeTarget "EssentialFeed" */ = {
			isa = XCConfigurationList;
			buildConfigurations = (
				25C2E5442B30B27800E3D176 /* Debug */,
				25C2E5452B30B27800E3D176 /* Release */,
			);
			defaultConfigurationIsVisible = 0;
			defaultConfigurationName = Release;
		};
		25C2E5462B30B27800E3D176 /* Build configuration list for PBXNativeTarget "EssentialFeedTests" */ = {
			isa = XCConfigurationList;
			buildConfigurations = (
				25C2E5472B30B27800E3D176 /* Debug */,
				25C2E5482B30B27800E3D176 /* Release */,
			);
			defaultConfigurationIsVisible = 0;
			defaultConfigurationName = Release;
		};
/* End XCConfigurationList section */
	};
	rootObject = 25C2E5112B30B27600E3D176 /* Project object */;
}
